
Microsoft Visual Studio Solution File, Format Version 12.00
# Visual Studio 15
VisualStudioVersion = 15.0.26430.16
MinimumVisualStudioVersion = 10.0.40219.1
Project("{FAE04EC0-301F-11D3-BF4B-00C04F79EFBC}") = "FlickrViewer.Android", "FlickrViewer\FlickrViewer.Android\FlickrViewer.Android.csproj", "{A2158159-11E7-443A-B39B-E920374FE355}"
EndProject
Project("{FAE04EC0-301F-11D3-BF4B-00C04F79EFBC}") = "FlickrViewer", "FlickrViewer\FlickrViewer\FlickrViewer.csproj", "{B3159370-DDA3-4A49-9BEF-EFD643D3830B}"
EndProject
Project("{FAE04EC0-301F-11D3-BF4B-00C04F79EFBC}") = "FlickrViewer.UWP", "FlickrViewer\FlickrViewer.UWP\FlickrViewer.UWP.csproj", "{4642C8CD-D08A-4FB4-AC41-5280636303F1}"
EndProject
Project("{FAE04EC0-301F-11D3-BF4B-00C04F79EFBC}") = "FlickrViewer.iOS", "FlickrViewer\FlickrViewer.iOS\FlickrViewer.iOS.csproj", "{D0F60866-28A3-42B3-9CD1-196D7D4F8871}"
EndProject
Global
	GlobalSection(SolutionConfigurationPlatforms) = preSolution
		Ad-Hoc|Any CPU = Ad-Hoc|Any CPU
		Ad-Hoc|ARM = Ad-Hoc|ARM
		Ad-Hoc|iPhone = Ad-Hoc|iPhone
		Ad-Hoc|iPhoneSimulator = Ad-Hoc|iPhoneSimulator
		Ad-Hoc|x64 = Ad-Hoc|x64
		Ad-Hoc|x86 = Ad-Hoc|x86
		AppStore|Any CPU = AppStore|Any CPU
		AppStore|ARM = AppStore|ARM
		AppStore|iPhone = AppStore|iPhone
		AppStore|iPhoneSimulator = AppStore|iPhoneSimulator
		AppStore|x64 = AppStore|x64
		AppStore|x86 = AppStore|x86
		Debug|Any CPU = Debug|Any CPU
		Debug|ARM = Debug|ARM
		Debug|iPhone = Debug|iPhone
		Debug|iPhoneSimulator = Debug|iPhoneSimulator
		Debug|x64 = Debug|x64
		Debug|x86 = Debug|x86
		Release|Any CPU = Release|Any CPU
		Release|ARM = Release|ARM
		Release|iPhone = Release|iPhone
		Release|iPhoneSimulator = Release|iPhoneSimulator
		Release|x64 = Release|x64
		Release|x86 = Release|x86
	EndGlobalSection
	GlobalSection(ProjectConfigurationPlatforms) = postSolution
		{A2158159-11E7-443A-B39B-E920374FE355}.Ad-Hoc|Any CPU.ActiveCfg = Release|Any CPU
		{A2158159-11E7-443A-B39B-E920374FE355}.Ad-Hoc|Any CPU.Build.0 = Release|Any CPU
		{A2158159-11E7-443A-B39B-E920374FE355}.Ad-Hoc|Any CPU.Deploy.0 = Release|Any CPU
		{A2158159-11E7-443A-B39B-E920374FE355}.Ad-Hoc|ARM.ActiveCfg = Release|Any CPU
		{A2158159-11E7-443A-B39B-E920374FE355}.Ad-Hoc|ARM.Build.0 = Release|Any CPU
		{A2158159-11E7-443A-B39B-E920374FE355}.Ad-Hoc|ARM.Deploy.0 = Release|Any CPU
		{A2158159-11E7-443A-B39B-E920374FE355}.Ad-Hoc|iPhone.ActiveCfg = Release|Any CPU
		{A2158159-11E7-443A-B39B-E920374FE355}.Ad-Hoc|iPhone.Build.0 = Release|Any CPU
		{A2158159-11E7-443A-B39B-E920374FE355}.Ad-Hoc|iPhone.Deploy.0 = Release|Any CPU
		{A2158159-11E7-443A-B39B-E920374FE355}.Ad-Hoc|iPhoneSimulator.ActiveCfg = Release|Any CPU
		{A2158159-11E7-443A-B39B-E920374FE355}.Ad-Hoc|iPhoneSimulator.Build.0 = Release|Any CPU
		{A2158159-11E7-443A-B39B-E920374FE355}.Ad-Hoc|iPhoneSimulator.Deploy.0 = Release|Any CPU
		{A2158159-11E7-443A-B39B-E920374FE355}.Ad-Hoc|x64.ActiveCfg = Release|Any CPU
		{A2158159-11E7-443A-B39B-E920374FE355}.Ad-Hoc|x64.Build.0 = Release|Any CPU
		{A2158159-11E7-443A-B39B-E920374FE355}.Ad-Hoc|x64.Deploy.0 = Release|Any CPU
		{A2158159-11E7-443A-B39B-E920374FE355}.Ad-Hoc|x86.ActiveCfg = Release|Any CPU
		{A2158159-11E7-443A-B39B-E920374FE355}.Ad-Hoc|x86.Build.0 = Release|Any CPU
		{A2158159-11E7-443A-B39B-E920374FE355}.Ad-Hoc|x86.Deploy.0 = Release|Any CPU
		{A2158159-11E7-443A-B39B-E920374FE355}.AppStore|Any CPU.ActiveCfg = Release|Any CPU
		{A2158159-11E7-443A-B39B-E920374FE355}.AppStore|Any CPU.Build.0 = Release|Any CPU
		{A2158159-11E7-443A-B39B-E920374FE355}.AppStore|Any CPU.Deploy.0 = Release|Any CPU
		{A2158159-11E7-443A-B39B-E920374FE355}.AppStore|ARM.ActiveCfg = Release|Any CPU
		{A2158159-11E7-443A-B39B-E920374FE355}.AppStore|ARM.Build.0 = Release|Any CPU
		{A2158159-11E7-443A-B39B-E920374FE355}.AppStore|ARM.Deploy.0 = Release|Any CPU
		{A2158159-11E7-443A-B39B-E920374FE355}.AppStore|iPhone.ActiveCfg = Release|Any CPU
		{A2158159-11E7-443A-B39B-E920374FE355}.AppStore|iPhone.Build.0 = Release|Any CPU
		{A2158159-11E7-443A-B39B-E920374FE355}.AppStore|iPhone.Deploy.0 = Release|Any CPU
		{A2158159-11E7-443A-B39B-E920374FE355}.AppStore|iPhoneSimulator.ActiveCfg = Release|Any CPU
		{A2158159-11E7-443A-B39B-E920374FE355}.AppStore|iPhoneSimulator.Build.0 = Release|Any CPU
		{A2158159-11E7-443A-B39B-E920374FE355}.AppStore|iPhoneSimulator.Deploy.0 = Release|Any CPU
		{A2158159-11E7-443A-B39B-E920374FE355}.AppStore|x64.ActiveCfg = Release|Any CPU
		{A2158159-11E7-443A-B39B-E920374FE355}.AppStore|x64.Build.0 = Release|Any CPU
		{A2158159-11E7-443A-B39B-E920374FE355}.AppStore|x64.Deploy.0 = Release|Any CPU
		{A2158159-11E7-443A-B39B-E920374FE355}.AppStore|x86.ActiveCfg = Release|Any CPU
		{A2158159-11E7-443A-B39B-E920374FE355}.AppStore|x86.Build.0 = Release|Any CPU
		{A2158159-11E7-443A-B39B-E920374FE355}.AppStore|x86.Deploy.0 = Release|Any CPU
		{A2158159-11E7-443A-B39B-E920374FE355}.Debug|Any CPU.ActiveCfg = Debug|Any CPU
		{A2158159-11E7-443A-B39B-E920374FE355}.Debug|Any CPU.Build.0 = Debug|Any CPU
		{A2158159-11E7-443A-B39B-E920374FE355}.Debug|Any CPU.Deploy.0 = Debug|Any CPU
		{A2158159-11E7-443A-B39B-E920374FE355}.Debug|ARM.ActiveCfg = Debug|Any CPU
		{A2158159-11E7-443A-B39B-E920374FE355}.Debug|ARM.Build.0 = Debug|Any CPU
		{A2158159-11E7-443A-B39B-E920374FE355}.Debug|ARM.Deploy.0 = Debug|Any CPU
		{A2158159-11E7-443A-B39B-E920374FE355}.Debug|iPhone.ActiveCfg = Debug|Any CPU
		{A2158159-11E7-443A-B39B-E920374FE355}.Debug|iPhone.Build.0 = Debug|Any CPU
		{A2158159-11E7-443A-B39B-E920374FE355}.Debug|iPhone.Deploy.0 = Debug|Any CPU
		{A2158159-11E7-443A-B39B-E920374FE355}.Debug|iPhoneSimulator.ActiveCfg = Debug|Any CPU
		{A2158159-11E7-443A-B39B-E920374FE355}.Debug|iPhoneSimulator.Build.0 = Debug|Any CPU
		{A2158159-11E7-443A-B39B-E920374FE355}.Debug|iPhoneSimulator.Deploy.0 = Debug|Any CPU
		{A2158159-11E7-443A-B39B-E920374FE355}.Debug|x64.ActiveCfg = Debug|Any CPU
		{A2158159-11E7-443A-B39B-E920374FE355}.Debug|x64.Build.0 = Debug|Any CPU
		{A2158159-11E7-443A-B39B-E920374FE355}.Debug|x64.Deploy.0 = Debug|Any CPU
		{A2158159-11E7-443A-B39B-E920374FE355}.Debug|x86.ActiveCfg = Debug|Any CPU
		{A2158159-11E7-443A-B39B-E920374FE355}.Debug|x86.Build.0 = Debug|Any CPU
		{A2158159-11E7-443A-B39B-E920374FE355}.Debug|x86.Deploy.0 = Debug|Any CPU
		{A2158159-11E7-443A-B39B-E920374FE355}.Release|Any CPU.ActiveCfg = Release|Any CPU
		{A2158159-11E7-443A-B39B-E920374FE355}.Release|Any CPU.Build.0 = Release|Any CPU
		{A2158159-11E7-443A-B39B-E920374FE355}.Release|Any CPU.Deploy.0 = Release|Any CPU
		{A2158159-11E7-443A-B39B-E920374FE355}.Release|ARM.ActiveCfg = Release|Any CPU
		{A2158159-11E7-443A-B39B-E920374FE355}.Release|ARM.Build.0 = Release|Any CPU
		{A2158159-11E7-443A-B39B-E920374FE355}.Release|ARM.Deploy.0 = Release|Any CPU
		{A2158159-11E7-443A-B39B-E920374FE355}.Release|iPhone.ActiveCfg = Release|Any CPU
		{A2158159-11E7-443A-B39B-E920374FE355}.Release|iPhone.Build.0 = Release|Any CPU
		{A2158159-11E7-443A-B39B-E920374FE355}.Release|iPhone.Deploy.0 = Release|Any CPU
		{A2158159-11E7-443A-B39B-E920374FE355}.Release|iPhoneSimulator.ActiveCfg = Release|Any CPU
		{A2158159-11E7-443A-B39B-E920374FE355}.Release|iPhoneSimulator.Build.0 = Release|Any CPU
		{A2158159-11E7-443A-B39B-E920374FE355}.Release|iPhoneSimulator.Deploy.0 = Release|Any CPU
		{A2158159-11E7-443A-B39B-E920374FE355}.Release|x64.ActiveCfg = Release|Any CPU
		{A2158159-11E7-443A-B39B-E920374FE355}.Release|x64.Build.0 = Release|Any CPU
		{A2158159-11E7-443A-B39B-E920374FE355}.Release|x64.Deploy.0 = Release|Any CPU
		{A2158159-11E7-443A-B39B-E920374FE355}.Release|x86.ActiveCfg = Release|Any CPU
		{A2158159-11E7-443A-B39B-E920374FE355}.Release|x86.Build.0 = Release|Any CPU
		{A2158159-11E7-443A-B39B-E920374FE355}.Release|x86.Deploy.0 = Release|Any CPU
		{B3159370-DDA3-4A49-9BEF-EFD643D3830B}.Ad-Hoc|Any CPU.ActiveCfg = Release|Any CPU
		{B3159370-DDA3-4A49-9BEF-EFD643D3830B}.Ad-Hoc|Any CPU.Build.0 = Release|Any CPU
		{B3159370-DDA3-4A49-9BEF-EFD643D3830B}.Ad-Hoc|ARM.ActiveCfg = Release|Any CPU
		{B3159370-DDA3-4A49-9BEF-EFD643D3830B}.Ad-Hoc|ARM.Build.0 = Release|Any CPU
		{B3159370-DDA3-4A49-9BEF-EFD643D3830B}.Ad-Hoc|iPhone.ActiveCfg = Release|Any CPU
		{B3159370-DDA3-4A49-9BEF-EFD643D3830B}.Ad-Hoc|iPhone.Build.0 = Release|Any CPU
		{B3159370-DDA3-4A49-9BEF-EFD643D3830B}.Ad-Hoc|iPhoneSimulator.ActiveCfg = Release|Any CPU
		{B3159370-DDA3-4A49-9BEF-EFD643D3830B}.Ad-Hoc|iPhoneSimulator.Build.0 = Release|Any CPU
		{B3159370-DDA3-4A49-9BEF-EFD643D3830B}.Ad-Hoc|x64.ActiveCfg = Release|Any CPU
		{B3159370-DDA3-4A49-9BEF-EFD643D3830B}.Ad-Hoc|x64.Build.0 = Release|Any CPU
		{B3159370-DDA3-4A49-9BEF-EFD643D3830B}.Ad-Hoc|x86.ActiveCfg = Release|Any CPU
		{B3159370-DDA3-4A49-9BEF-EFD643D3830B}.Ad-Hoc|x86.Build.0 = Release|Any CPU
		{B3159370-DDA3-4A49-9BEF-EFD643D3830B}.AppStore|Any CPU.ActiveCfg = Release|Any CPU
		{B3159370-DDA3-4A49-9BEF-EFD643D3830B}.AppStore|Any CPU.Build.0 = Release|Any CPU
		{B3159370-DDA3-4A49-9BEF-EFD643D3830B}.AppStore|ARM.ActiveCfg = Release|Any CPU
		{B3159370-DDA3-4A49-9BEF-EFD643D3830B}.AppStore|ARM.Build.0 = Release|Any CPU
		{B3159370-DDA3-4A49-9BEF-EFD643D3830B}.AppStore|iPhone.ActiveCfg = Release|Any CPU
		{B3159370-DDA3-4A49-9BEF-EFD643D3830B}.AppStore|iPhone.Build.0 = Release|Any CPU
		{B3159370-DDA3-4A49-9BEF-EFD643D3830B}.AppStore|iPhoneSimulator.ActiveCfg = Release|Any CPU
		{B3159370-DDA3-4A49-9BEF-EFD643D3830B}.AppStore|iPhoneSimulator.Build.0 = Release|Any CPU
		{B3159370-DDA3-4A49-9BEF-EFD643D3830B}.AppStore|x64.ActiveCfg = Release|Any CPU
		{B3159370-DDA3-4A49-9BEF-EFD643D3830B}.AppStore|x64.Build.0 = Release|Any CPU
		{B3159370-DDA3-4A49-9BEF-EFD643D3830B}.AppStore|x86.ActiveCfg = Release|Any CPU
		{B3159370-DDA3-4A49-9BEF-EFD643D3830B}.AppStore|x86.Build.0 = Release|Any CPU
		{B3159370-DDA3-4A49-9BEF-EFD643D3830B}.Debug|Any CPU.ActiveCfg = Debug|Any CPU
		{B3159370-DDA3-4A49-9BEF-EFD643D3830B}.Debug|Any CPU.Build.0 = Debug|Any CPU
		{B3159370-DDA3-4A49-9BEF-EFD643D3830B}.Debug|ARM.ActiveCfg = Debug|Any CPU
		{B3159370-DDA3-4A49-9BEF-EFD643D3830B}.Debug|ARM.Build.0 = Debug|Any CPU
		{B3159370-DDA3-4A49-9BEF-EFD643D3830B}.Debug|iPhone.ActiveCfg = Debug|Any CPU
		{B3159370-DDA3-4A49-9BEF-EFD643D3830B}.Debug|iPhone.Build.0 = Debug|Any CPU
		{B3159370-DDA3-4A49-9BEF-EFD643D3830B}.Debug|iPhoneSimulator.ActiveCfg = Debug|Any CPU
		{B3159370-DDA3-4A49-9BEF-EFD643D3830B}.Debug|iPhoneSimulator.Build.0 = Debug|Any CPU
		{B3159370-DDA3-4A49-9BEF-EFD643D3830B}.Debug|x64.ActiveCfg = Debug|Any CPU
		{B3159370-DDA3-4A49-9BEF-EFD643D3830B}.Debug|x64.Build.0 = Debug|Any CPU
		{B3159370-DDA3-4A49-9BEF-EFD643D3830B}.Debug|x86.ActiveCfg = Debug|Any CPU
		{B3159370-DDA3-4A49-9BEF-EFD643D3830B}.Debug|x86.Build.0 = Debug|Any CPU
		{B3159370-DDA3-4A49-9BEF-EFD643D3830B}.Release|Any CPU.ActiveCfg = Release|Any CPU
		{B3159370-DDA3-4A49-9BEF-EFD643D3830B}.Release|Any CPU.Build.0 = Release|Any CPU
		{B3159370-DDA3-4A49-9BEF-EFD643D3830B}.Release|ARM.ActiveCfg = Release|Any CPU
		{B3159370-DDA3-4A49-9BEF-EFD643D3830B}.Release|ARM.Build.0 = Release|Any CPU
		{B3159370-DDA3-4A49-9BEF-EFD643D3830B}.Release|iPhone.ActiveCfg = Release|Any CPU
		{B3159370-DDA3-4A49-9BEF-EFD643D3830B}.Release|iPhone.Build.0 = Release|Any CPU
		{B3159370-DDA3-4A49-9BEF-EFD643D3830B}.Release|iPhoneSimulator.ActiveCfg = Release|Any CPU
		{B3159370-DDA3-4A49-9BEF-EFD643D3830B}.Release|iPhoneSimulator.Build.0 = Release|Any CPU
		{B3159370-DDA3-4A49-9BEF-EFD643D3830B}.Release|x64.ActiveCfg = Release|Any CPU
		{B3159370-DDA3-4A49-9BEF-EFD643D3830B}.Release|x64.Build.0 = Release|Any CPU
		{B3159370-DDA3-4A49-9BEF-EFD643D3830B}.Release|x86.ActiveCfg = Release|Any CPU
		{B3159370-DDA3-4A49-9BEF-EFD643D3830B}.Release|x86.Build.0 = Release|Any CPU
		{4642C8CD-D08A-4FB4-AC41-5280636303F1}.Ad-Hoc|Any CPU.ActiveCfg = Release|x86
		{4642C8CD-D08A-4FB4-AC41-5280636303F1}.Ad-Hoc|Any CPU.Build.0 = Release|x86
		{4642C8CD-D08A-4FB4-AC41-5280636303F1}.Ad-Hoc|Any CPU.Deploy.0 = Release|x86
		{4642C8CD-D08A-4FB4-AC41-5280636303F1}.Ad-Hoc|ARM.ActiveCfg = Release|ARM
		{4642C8CD-D08A-4FB4-AC41-5280636303F1}.Ad-Hoc|ARM.Build.0 = Release|ARM
		{4642C8CD-D08A-4FB4-AC41-5280636303F1}.Ad-Hoc|ARM.Deploy.0 = Release|ARM
		{4642C8CD-D08A-4FB4-AC41-5280636303F1}.Ad-Hoc|iPhone.ActiveCfg = Release|x86
		{4642C8CD-D08A-4FB4-AC41-5280636303F1}.Ad-Hoc|iPhone.Build.0 = Release|x86
		{4642C8CD-D08A-4FB4-AC41-5280636303F1}.Ad-Hoc|iPhone.Deploy.0 = Release|x86
		{4642C8CD-D08A-4FB4-AC41-5280636303F1}.Ad-Hoc|iPhoneSimulator.ActiveCfg = Release|x86
		{4642C8CD-D08A-4FB4-AC41-5280636303F1}.Ad-Hoc|iPhoneSimulator.Build.0 = Release|x86
		{4642C8CD-D08A-4FB4-AC41-5280636303F1}.Ad-Hoc|iPhoneSimulator.Deploy.0 = Release|x86
		{4642C8CD-D08A-4FB4-AC41-5280636303F1}.Ad-Hoc|x64.ActiveCfg = Release|x64
		{4642C8CD-D08A-4FB4-AC41-5280636303F1}.Ad-Hoc|x64.Build.0 = Release|x64
		{4642C8CD-D08A-4FB4-AC41-5280636303F1}.Ad-Hoc|x64.Deploy.0 = Release|x64
		{4642C8CD-D08A-4FB4-AC41-5280636303F1}.Ad-Hoc|x86.ActiveCfg = Release|x86
		{4642C8CD-D08A-4FB4-AC41-5280636303F1}.Ad-Hoc|x86.Build.0 = Release|x86
		{4642C8CD-D08A-4FB4-AC41-5280636303F1}.Ad-Hoc|x86.Deploy.0 = Release|x86
		{4642C8CD-D08A-4FB4-AC41-5280636303F1}.AppStore|Any CPU.ActiveCfg = Release|x86
		{4642C8CD-D08A-4FB4-AC41-5280636303F1}.AppStore|Any CPU.Build.0 = Release|x86
		{4642C8CD-D08A-4FB4-AC41-5280636303F1}.AppStore|Any CPU.Deploy.0 = Release|x86
		{4642C8CD-D08A-4FB4-AC41-5280636303F1}.AppStore|ARM.ActiveCfg = Release|ARM
		{4642C8CD-D08A-4FB4-AC41-5280636303F1}.AppStore|ARM.Build.0 = Release|ARM
		{4642C8CD-D08A-4FB4-AC41-5280636303F1}.AppStore|ARM.Deploy.0 = Release|ARM
		{4642C8CD-D08A-4FB4-AC41-5280636303F1}.AppStore|iPhone.ActiveCfg = Release|x86
		{4642C8CD-D08A-4FB4-AC41-5280636303F1}.AppStore|iPhone.Build.0 = Release|x86
		{4642C8CD-D08A-4FB4-AC41-5280636303F1}.AppStore|iPhone.Deploy.0 = Release|x86
		{4642C8CD-D08A-4FB4-AC41-5280636303F1}.AppStore|iPhoneSimulator.ActiveCfg = Release|x86
		{4642C8CD-D08A-4FB4-AC41-5280636303F1}.AppStore|iPhoneSimulator.Build.0 = Release|x86
		{4642C8CD-D08A-4FB4-AC41-5280636303F1}.AppStore|iPhoneSimulator.Deploy.0 = Release|x86
		{4642C8CD-D08A-4FB4-AC41-5280636303F1}.AppStore|x64.ActiveCfg = Release|x64
		{4642C8CD-D08A-4FB4-AC41-5280636303F1}.AppStore|x64.Build.0 = Release|x64
		{4642C8CD-D08A-4FB4-AC41-5280636303F1}.AppStore|x64.Deploy.0 = Release|x64
		{4642C8CD-D08A-4FB4-AC41-5280636303F1}.AppStore|x86.ActiveCfg = Release|x86
		{4642C8CD-D08A-4FB4-AC41-5280636303F1}.AppStore|x86.Build.0 = Release|x86
		{4642C8CD-D08A-4FB4-AC41-5280636303F1}.AppStore|x86.Deploy.0 = Release|x86
		{4642C8CD-D08A-4FB4-AC41-5280636303F1}.Debug|Any CPU.ActiveCfg = Debug|x86
		{4642C8CD-D08A-4FB4-AC41-5280636303F1}.Debug|ARM.ActiveCfg = Debug|ARM
		{4642C8CD-D08A-4FB4-AC41-5280636303F1}.Debug|ARM.Build.0 = Debug|ARM
		{4642C8CD-D08A-4FB4-AC41-5280636303F1}.Debug|ARM.Deploy.0 = Debug|ARM
		{4642C8CD-D08A-4FB4-AC41-5280636303F1}.Debug|iPhone.ActiveCfg = Debug|x86
		{4642C8CD-D08A-4FB4-AC41-5280636303F1}.Debug|iPhoneSimulator.ActiveCfg = Debug|x86
		{4642C8CD-D08A-4FB4-AC41-5280636303F1}.Debug|x64.ActiveCfg = Debug|x64
		{4642C8CD-D08A-4FB4-AC41-5280636303F1}.Debug|x64.Build.0 = Debug|x64
		{4642C8CD-D08A-4FB4-AC41-5280636303F1}.Debug|x64.Deploy.0 = Debug|x64
		{4642C8CD-D08A-4FB4-AC41-5280636303F1}.Debug|x86.ActiveCfg = Debug|x86
		{4642C8CD-D08A-4FB4-AC41-5280636303F1}.Debug|x86.Build.0 = Debug|x86
		{4642C8CD-D08A-4FB4-AC41-5280636303F1}.Debug|x86.Deploy.0 = Debug|x86
		{4642C8CD-D08A-4FB4-AC41-5280636303F1}.Release|Any CPU.ActiveCfg = Release|x86
		{4642C8CD-D08A-4FB4-AC41-5280636303F1}.Release|ARM.ActiveCfg = Release|ARM
		{4642C8CD-D08A-4FB4-AC41-5280636303F1}.Release|ARM.Build.0 = Release|ARM
		{4642C8CD-D08A-4FB4-AC41-5280636303F1}.Release|ARM.Deploy.0 = Release|ARM
		{4642C8CD-D08A-4FB4-AC41-5280636303F1}.Release|iPhone.ActiveCfg = Release|x86
		{4642C8CD-D08A-4FB4-AC41-5280636303F1}.Release|iPhoneSimulator.ActiveCfg = Release|x86
		{4642C8CD-D08A-4FB4-AC41-5280636303F1}.Release|x64.ActiveCfg = Release|x64
		{4642C8CD-D08A-4FB4-AC41-5280636303F1}.Release|x64.Build.0 = Release|x64
		{4642C8CD-D08A-4FB4-AC41-5280636303F1}.Release|x64.Deploy.0 = Release|x64
		{4642C8CD-D08A-4FB4-AC41-5280636303F1}.Release|x86.ActiveCfg = Release|x86
		{4642C8CD-D08A-4FB4-AC41-5280636303F1}.Release|x86.Build.0 = Release|x86
		{4642C8CD-D08A-4FB4-AC41-5280636303F1}.Release|x86.Deploy.0 = Release|x86
		{D0F60866-28A3-42B3-9CD1-196D7D4F8871}.Ad-Hoc|Any CPU.ActiveCfg = Ad-Hoc|iPhone
		{D0F60866-28A3-42B3-9CD1-196D7D4F8871}.Ad-Hoc|ARM.ActiveCfg = Ad-Hoc|iPhone
		{D0F60866-28A3-42B3-9CD1-196D7D4F8871}.Ad-Hoc|iPhone.ActiveCfg = Ad-Hoc|iPhone
		{D0F60866-28A3-42B3-9CD1-196D7D4F8871}.Ad-Hoc|iPhone.Build.0 = Ad-Hoc|iPhone
		{D0F60866-28A3-42B3-9CD1-196D7D4F8871}.Ad-Hoc|iPhoneSimulator.ActiveCfg = Ad-Hoc|iPhoneSimulator
		{D0F60866-28A3-42B3-9CD1-196D7D4F8871}.Ad-Hoc|iPhoneSimulator.Build.0 = Ad-Hoc|iPhoneSimulator
		{D0F60866-28A3-42B3-9CD1-196D7D4F8871}.Ad-Hoc|x64.ActiveCfg = Ad-Hoc|iPhone
		{D0F60866-28A3-42B3-9CD1-196D7D4F8871}.Ad-Hoc|x86.ActiveCfg = Ad-Hoc|iPhone
		{D0F60866-28A3-42B3-9CD1-196D7D4F8871}.AppStore|Any CPU.ActiveCfg = AppStore|iPhone
		{D0F60866-28A3-42B3-9CD1-196D7D4F8871}.AppStore|ARM.ActiveCfg = AppStore|iPhone
		{D0F60866-28A3-42B3-9CD1-196D7D4F8871}.AppStore|iPhone.ActiveCfg = AppStore|iPhone
		{D0F60866-28A3-42B3-9CD1-196D7D4F8871}.AppStore|iPhone.Build.0 = AppStore|iPhone
		{D0F60866-28A3-42B3-9CD1-196D7D4F8871}.AppStore|iPhoneSimulator.ActiveCfg = AppStore|iPhoneSimulator
		{D0F60866-28A3-42B3-9CD1-196D7D4F8871}.AppStore|iPhoneSimulator.Build.0 = AppStore|iPhoneSimulator
		{D0F60866-28A3-42B3-9CD1-196D7D4F8871}.AppStore|x64.ActiveCfg = AppStore|iPhone
		{D0F60866-28A3-42B3-9CD1-196D7D4F8871}.AppStore|x86.ActiveCfg = AppStore|iPhone
		{D0F60866-28A3-42B3-9CD1-196D7D4F8871}.Debug|Any CPU.ActiveCfg = Debug|iPhone
		{D0F60866-28A3-42B3-9CD1-196D7D4F8871}.Debug|ARM.ActiveCfg = Debug|iPhone
		{D0F60866-28A3-42B3-9CD1-196D7D4F8871}.Debug|iPhone.ActiveCfg = Debug|iPhone
		{D0F60866-28A3-42B3-9CD1-196D7D4F8871}.Debug|iPhone.Build.0 = Debug|iPhone
		{D0F60866-28A3-42B3-9CD1-196D7D4F8871}.Debug|iPhoneSimulator.ActiveCfg = Debug|iPhoneSimulator
		{D0F60866-28A3-42B3-9CD1-196D7D4F8871}.Debug|iPhoneSimulator.Build.0 = Debug|iPhoneSimulator
		{D0F60866-28A3-42B3-9CD1-196D7D4F8871}.Debug|x64.ActiveCfg = Debug|iPhone
		{D0F60866-28A3-42B3-9CD1-196D7D4F8871}.Debug|x86.ActiveCfg = Debug|iPhone
		{D0F60866-28A3-42B3-9CD1-196D7D4F8871}.Release|Any CPU.ActiveCfg = Release|iPhone
		{D0F60866-28A3-42B3-9CD1-196D7D4F8871}.Release|ARM.ActiveCfg = Release|iPhone
		{D0F60866-28A3-42B3-9CD1-196D7D4F8871}.Release|iPhone.ActiveCfg = Release|iPhone
		{D0F60866-28A3-42B3-9CD1-196D7D4F8871}.Release|iPhone.Build.0 = Release|iPhone
		{D0F60866-28A3-42B3-9CD1-196D7D4F8871}.Release|iPhoneSimulator.ActiveCfg = Release|iPhoneSimulator
		{D0F60866-28A3-42B3-9CD1-196D7D4F8871}.Release|iPhoneSimulator.Build.0 = Release|iPhoneSimulator
		{D0F60866-28A3-42B3-9CD1-196D7D4F8871}.Release|x64.ActiveCfg = Release|iPhone
		{D0F60866-28A3-42B3-9CD1-196D7D4F8871}.Release|x86.ActiveCfg = Release|iPhone
	EndGlobalSection
	GlobalSection(SolutionProperties) = preSolution
		HideSolutionNode = FALSE
	EndGlobalSection
EndGlobal
